
Microsoft Visual Studio Solution File, Format Version 12.00
# Visual Studio Version 17
VisualStudioVersion = 17.0.31903.59
MinimumVisualStudioVersion = 10.0.40219.1
Project("{2150E333-8FDC-42A3-9474-1A3956D46DE8}") = "Apps", "Apps", "{02EA681E-C7D8-13C7-8484-4AC65E1B71E8}"
EndProject
Project("{2150E333-8FDC-42A3-9474-1A3956D46DE8}") = "Shared", "Shared", "{FB8C5DF8-AA03-4B71-80BC-BD1A7024FB8A}"
EndProject
Project("{2150E333-8FDC-42A3-9474-1A3956D46DE8}") = "Docker", "Docker", "{CC32F776-3854-4C63-95B3-2C74018CCFA8}"
EndProject
Project("{FAE04EC0-301F-11D3-BF4B-00C04F79EFBC}") = "App.Web.Client", "apps\App.Web.Client\App.Web.Client.csproj", "{897C3066-6DAE-45D7-A73D-E086D4A105AB}"
EndProject
Project("{2150E333-8FDC-42A3-9474-1A3956D46DE8}") = "Infrastructure", "Infrastructure", "{FE1BCAC4-60F9-4551-8E26-A3C6E5D47CA0}"
EndProject
Project("{2150E333-8FDC-42A3-9474-1A3956D46DE8}") = "Tests", "Tests", "{3B4BF72A-87FC-4D9A-ACA5-715572210452}"
EndProject
Project("{2150E333-8FDC-42A3-9474-1A3956D46DE8}") = "sonar", "sonar", "{8D1A1A40-1C6C-4A3E-8B2F-4BC407F6C339}"
EndProject
Project("{2150E333-8FDC-42A3-9474-1A3956D46DE8}") = "sql-scripts", "sql-scripts", "{A4ABC0BC-1361-4018-88CB-9BA212E114C2}"
EndProject
Project("{2150E333-8FDC-42A3-9474-1A3956D46DE8}") = "biceps", "biceps", "{88A01C2C-21AF-45E3-8A59-EA6672A7AE68}"
EndProject
Project("{FAE04EC0-301F-11D3-BF4B-00C04F79EFBC}") = "App.Common.Infrastructure", "shared\App.Common.Infrastructure\App.Common.Infrastructure.csproj", "{28D35A7E-D0C4-30FC-5123-4547B6616087}"
EndProject
Project("{FAE04EC0-301F-11D3-BF4B-00C04F79EFBC}") = "App.Common.Domain", "shared\App.Common.Model\App.Common.Domain.csproj", "{D613C5E6-039C-47BB-894B-0AFC3D22B2DC}"
EndProject
Project("{2150E333-8FDC-42A3-9474-1A3956D46DE8}") = "Src", "Src", "{536C8147-8CE3-4B92-AB66-E9DEB707BD29}"
EndProject
Project("{FAE04EC0-301F-11D3-BF4B-00C04F79EFBC}") = "App.Api.Todo", "apps\App.Api.Todo\App.Api.Todo.csproj", "{F39A9E19-8F7F-493D-AEA2-2C8455A5EE0F}"
EndProject
Project("{FAE04EC0-301F-11D3-BF4B-00C04F79EFBC}") = "Test.App.Api.Todo.UnitTest", "tests\Test.App.Api.Todo.UnitTest\Test.App.Api.Todo.UnitTest.csproj", "{B243F55F-5988-4BF0-AA14-1E77137563D3}"
EndProject
Project("{FAE04EC0-301F-11D3-BF4B-00C04F79EFBC}") = "Test.App.Api.Todo.IntegrationTest", "tests\Test.App.Api.Todo.IntegrationTest\Test.App.Api.Todo.IntegrationTest.csproj", "{8902592A-E115-4075-8966-C3C2840FFF1C}"
EndProject
Project("{FAE04EC0-301F-11D3-BF4B-00C04F79EFBC}") = "Test.App.Common.Infrastructure.UnitTest", "tests\Test.App.Common.Infrastructure.UnitTest\Test.App.Common.Infrastructure.UnitTest.csproj", "{88E9988B-E9A8-B777-3AC8-559CB663702B}"
EndProject
Global
	GlobalSection(SolutionConfigurationPlatforms) = preSolution
		Debug|Any CPU = Debug|Any CPU
		Release|Any CPU = Release|Any CPU
	EndGlobalSection
	GlobalSection(ProjectConfigurationPlatforms) = postSolution
		{897C3066-6DAE-45D7-A73D-E086D4A105AB}.Debug|Any CPU.ActiveCfg = Debug|Any CPU
		{897C3066-6DAE-45D7-A73D-E086D4A105AB}.Debug|Any CPU.Build.0 = Debug|Any CPU
		{897C3066-6DAE-45D7-A73D-E086D4A105AB}.Release|Any CPU.ActiveCfg = Release|Any CPU
		{897C3066-6DAE-45D7-A73D-E086D4A105AB}.Release|Any CPU.Build.0 = Release|Any CPU
		{28D35A7E-D0C4-30FC-5123-4547B6616087}.Debug|Any CPU.ActiveCfg = Debug|Any CPU
		{28D35A7E-D0C4-30FC-5123-4547B6616087}.Debug|Any CPU.Build.0 = Debug|Any CPU
		{28D35A7E-D0C4-30FC-5123-4547B6616087}.Release|Any CPU.ActiveCfg = Release|Any CPU
		{28D35A7E-D0C4-30FC-5123-4547B6616087}.Release|Any CPU.Build.0 = Release|Any CPU
		{D613C5E6-039C-47BB-894B-0AFC3D22B2DC}.Debug|Any CPU.ActiveCfg = Debug|Any CPU
		{D613C5E6-039C-47BB-894B-0AFC3D22B2DC}.Debug|Any CPU.Build.0 = Debug|Any CPU
		{D613C5E6-039C-47BB-894B-0AFC3D22B2DC}.Release|Any CPU.ActiveCfg = Release|Any CPU
		{D613C5E6-039C-47BB-894B-0AFC3D22B2DC}.Release|Any CPU.Build.0 = Release|Any CPU
		{F39A9E19-8F7F-493D-AEA2-2C8455A5EE0F}.Debug|Any CPU.ActiveCfg = Debug|Any CPU
		{F39A9E19-8F7F-493D-AEA2-2C8455A5EE0F}.Debug|Any CPU.Build.0 = Debug|Any CPU
		{F39A9E19-8F7F-493D-AEA2-2C8455A5EE0F}.Release|Any CPU.ActiveCfg = Release|Any CPU
		{F39A9E19-8F7F-493D-AEA2-2C8455A5EE0F}.Release|Any CPU.Build.0 = Release|Any CPU
		{B243F55F-5988-4BF0-AA14-1E77137563D3}.Debug|Any CPU.ActiveCfg = Debug|Any CPU
		{B243F55F-5988-4BF0-AA14-1E77137563D3}.Debug|Any CPU.Build.0 = Debug|Any CPU
		{B243F55F-5988-4BF0-AA14-1E77137563D3}.Release|Any CPU.ActiveCfg = Release|Any CPU
		{B243F55F-5988-4BF0-AA14-1E77137563D3}.Release|Any CPU.Build.0 = Release|Any CPU
		{8902592A-E115-4075-8966-C3C2840FFF1C}.Debug|Any CPU.ActiveCfg = Debug|Any CPU
		{8902592A-E115-4075-8966-C3C2840FFF1C}.Debug|Any CPU.Build.0 = Debug|Any CPU
		{8902592A-E115-4075-8966-C3C2840FFF1C}.Release|Any CPU.ActiveCfg = Release|Any CPU
		{8902592A-E115-4075-8966-C3C2840FFF1C}.Release|Any CPU.Build.0 = Release|Any CPU
		{88E9988B-E9A8-B777-3AC8-559CB663702B}.Debug|Any CPU.ActiveCfg = Debug|Any CPU
		{88E9988B-E9A8-B777-3AC8-559CB663702B}.Debug|Any CPU.Build.0 = Debug|Any CPU
		{88E9988B-E9A8-B777-3AC8-559CB663702B}.Release|Any CPU.ActiveCfg = Release|Any CPU
		{88E9988B-E9A8-B777-3AC8-559CB663702B}.Release|Any CPU.Build.0 = Release|Any CPU
	EndGlobalSection
	GlobalSection(SolutionProperties) = preSolution
		HideSolutionNode = FALSE
	EndGlobalSection
	GlobalSection(NestedProjects) = preSolution
		{02EA681E-C7D8-13C7-8484-4AC65E1B71E8} = {536C8147-8CE3-4B92-AB66-E9DEB707BD29}
		{FB8C5DF8-AA03-4B71-80BC-BD1A7024FB8A} = {536C8147-8CE3-4B92-AB66-E9DEB707BD29}
		{897C3066-6DAE-45D7-A73D-E086D4A105AB} = {02EA681E-C7D8-13C7-8484-4AC65E1B71E8}
		{8D1A1A40-1C6C-4A3E-8B2F-4BC407F6C339} = {FE1BCAC4-60F9-4551-8E26-A3C6E5D47CA0}
		{A4ABC0BC-1361-4018-88CB-9BA212E114C2} = {FE1BCAC4-60F9-4551-8E26-A3C6E5D47CA0}
		{88A01C2C-21AF-45E3-8A59-EA6672A7AE68} = {FE1BCAC4-60F9-4551-8E26-A3C6E5D47CA0}
		{28D35A7E-D0C4-30FC-5123-4547B6616087} = {FB8C5DF8-AA03-4B71-80BC-BD1A7024FB8A}
		{D613C5E6-039C-47BB-894B-0AFC3D22B2DC} = {FB8C5DF8-AA03-4B71-80BC-BD1A7024FB8A}
		{F39A9E19-8F7F-493D-AEA2-2C8455A5EE0F} = {02EA681E-C7D8-13C7-8484-4AC65E1B71E8}
		{B243F55F-5988-4BF0-AA14-1E77137563D3} = {3B4BF72A-87FC-4D9A-ACA5-715572210452}
		{8902592A-E115-4075-8966-C3C2840FFF1C} = {3B4BF72A-87FC-4D9A-ACA5-715572210452}
		{88E9988B-E9A8-B777-3AC8-559CB663702B} = {3B4BF72A-87FC-4D9A-ACA5-715572210452}
	EndGlobalSection
	GlobalSection(ExtensibilityGlobals) = postSolution
		SolutionGuid = {A3087C86-B9A4-4C21-8A9B-EE4F39285A19}
	EndGlobalSection
EndGlobal
