
Microsoft Visual Studio Solution File, Format Version 12.00
# Visual Studio Version 17
VisualStudioVersion = 17.0.31903.59
MinimumVisualStudioVersion = 10.0.40219.1
Project("{2150E333-8FDC-42A3-9474-1A3956D46DE8}") = "Docker", "Docker", "{CC32F776-3854-4C63-95B3-2C74018CCFA8}"
EndProject
Project("{2150E333-8FDC-42A3-9474-1A3956D46DE8}") = "Infrastructure", "Infrastructure", "{FE1BCAC4-60F9-4551-8E26-A3C6E5D47CA0}"
EndProject
Project("{2150E333-8FDC-42A3-9474-1A3956D46DE8}") = "Tests", "Tests", "{3B4BF72A-87FC-4D9A-ACA5-715572210452}"
EndProject
Project("{2150E333-8FDC-42A3-9474-1A3956D46DE8}") = "sonar", "sonar", "{8D1A1A40-1C6C-4A3E-8B2F-4BC407F6C339}"
EndProject
Project("{2150E333-8FDC-42A3-9474-1A3956D46DE8}") = "sql-scripts", "sql-scripts", "{A4ABC0BC-1361-4018-88CB-9BA212E114C2}"
EndProject
Project("{2150E333-8FDC-42A3-9474-1A3956D46DE8}") = "biceps", "biceps", "{88A01C2C-21AF-45E3-8A59-EA6672A7AE68}"
EndProject
Project("{2150E333-8FDC-42A3-9474-1A3956D46DE8}") = "Src", "Src", "{536C8147-8CE3-4B92-AB66-E9DEB707BD29}"
EndProject
Project("{FAE04EC0-301F-11D3-BF4B-00C04F79EFBC}") = "Test.App.Api.Todo.UnitTest", "tests\Test.App.Api.Todo.UnitTest\Test.App.Api.Todo.UnitTest.csproj", "{B243F55F-5988-4BF0-AA14-1E77137563D3}"
EndProject
Project("{FAE04EC0-301F-11D3-BF4B-00C04F79EFBC}") = "Test.App.Todo.Integration", "tests\Test.App.Api.Todo.IntegrationTest\Test.App.Todo.Integration.csproj", "{8902592A-E115-4075-8966-C3C2840FFF1C}"
EndProject
Project("{FAE04EC0-301F-11D3-BF4B-00C04F79EFBC}") = "Test.App.Common.Infrastructure.UnitTest", "tests\Test.App.Common.Infrastructure.UnitTest\Test.App.Common.Infrastructure.UnitTest.csproj", "{88E9988B-E9A8-B777-3AC8-559CB663702B}"
EndProject
Project("{2150E333-8FDC-42A3-9474-1A3956D46DE8}") = "Apps", "Apps", "{02EA681E-C7D8-13C7-8484-4AC65E1B71E8}"
EndProject
Project("{FAE04EC0-301F-11D3-BF4B-00C04F79EFBC}") = "App.Api.Todo", "src\apps\App.Api.Todo\App.Api.Todo.csproj", "{5E6944B9-7CE3-E953-8612-07EE42081E95}"
EndProject
Project("{FAE04EC0-301F-11D3-BF4B-00C04F79EFBC}") = "App.Web.Client", "src\apps\App.Web.Client\App.Web.Client.csproj", "{B1D3D80B-262E-447A-4D5B-20751EF14B0C}"
EndProject
Project("{2150E333-8FDC-42A3-9474-1A3956D46DE8}") = "Shared", "Shared", "{56DC7805-5C68-4B40-B39C-7DC8C6BC7ABA}"
EndProject
Project("{FAE04EC0-301F-11D3-BF4B-00C04F79EFBC}") = "App.Common.Infrastructure", "src\shared\App.Common.Infrastructure\App.Common.Infrastructure.csproj", "{D679E202-5187-2B05-2F11-29990513A7D0}"
EndProject
Project("{FAE04EC0-301F-11D3-BF4B-00C04F79EFBC}") = "App.Common.Domain", "src\shared\App.Common.Model\App.Common.Domain.csproj", "{3976FD95-049C-1962-9227-D2D59F01C86A}"
EndProject
Project("{FAE04EC0-301F-11D3-BF4B-00C04F79EFBC}") = "App.Web.UI", "src\apps\App.Web.UI\App.Web.UI.csproj", "{0FE59FD4-36B8-4DF2-A5F6-A7A1FCF421F3}"
EndProject
Project("{FAE04EC0-301F-11D3-BF4B-00C04F79EFBC}") = "App.Common.Domain.Tests", "tests\App.Common.Domain.Tests\App.Common.Domain.Tests.csproj", "{98354113-C227-476F-A4AC-BE8DEC0A4455}"
EndProject
Global
	GlobalSection(SolutionConfigurationPlatforms) = preSolution
		Debug|Any CPU = Debug|Any CPU
		Debug|x64 = Debug|x64
		Debug|x86 = Debug|x86
		Release|Any CPU = Release|Any CPU
		Release|x64 = Release|x64
		Release|x86 = Release|x86
	EndGlobalSection
	GlobalSection(ProjectConfigurationPlatforms) = postSolution
		{B243F55F-5988-4BF0-AA14-1E77137563D3}.Debug|Any CPU.ActiveCfg = Debug|Any CPU
		{B243F55F-5988-4BF0-AA14-1E77137563D3}.Debug|Any CPU.Build.0 = Debug|Any CPU
		{B243F55F-5988-4BF0-AA14-1E77137563D3}.Debug|x64.ActiveCfg = Debug|Any CPU
		{B243F55F-5988-4BF0-AA14-1E77137563D3}.Debug|x64.Build.0 = Debug|Any CPU
		{B243F55F-5988-4BF0-AA14-1E77137563D3}.Debug|x86.ActiveCfg = Debug|Any CPU
		{B243F55F-5988-4BF0-AA14-1E77137563D3}.Debug|x86.Build.0 = Debug|Any CPU
		{B243F55F-5988-4BF0-AA14-1E77137563D3}.Release|Any CPU.ActiveCfg = Release|Any CPU
		{B243F55F-5988-4BF0-AA14-1E77137563D3}.Release|Any CPU.Build.0 = Release|Any CPU
		{B243F55F-5988-4BF0-AA14-1E77137563D3}.Release|x64.ActiveCfg = Release|Any CPU
		{B243F55F-5988-4BF0-AA14-1E77137563D3}.Release|x64.Build.0 = Release|Any CPU
		{B243F55F-5988-4BF0-AA14-1E77137563D3}.Release|x86.ActiveCfg = Release|Any CPU
		{B243F55F-5988-4BF0-AA14-1E77137563D3}.Release|x86.Build.0 = Release|Any CPU
		{8902592A-E115-4075-8966-C3C2840FFF1C}.Debug|Any CPU.ActiveCfg = Debug|Any CPU
		{8902592A-E115-4075-8966-C3C2840FFF1C}.Debug|Any CPU.Build.0 = Debug|Any CPU
		{8902592A-E115-4075-8966-C3C2840FFF1C}.Debug|x64.ActiveCfg = Debug|Any CPU
		{8902592A-E115-4075-8966-C3C2840FFF1C}.Debug|x64.Build.0 = Debug|Any CPU
		{8902592A-E115-4075-8966-C3C2840FFF1C}.Debug|x86.ActiveCfg = Debug|Any CPU
		{8902592A-E115-4075-8966-C3C2840FFF1C}.Debug|x86.Build.0 = Debug|Any CPU
		{8902592A-E115-4075-8966-C3C2840FFF1C}.Release|Any CPU.ActiveCfg = Release|Any CPU
		{8902592A-E115-4075-8966-C3C2840FFF1C}.Release|Any CPU.Build.0 = Release|Any CPU
		{8902592A-E115-4075-8966-C3C2840FFF1C}.Release|x64.ActiveCfg = Release|Any CPU
		{8902592A-E115-4075-8966-C3C2840FFF1C}.Release|x64.Build.0 = Release|Any CPU
		{8902592A-E115-4075-8966-C3C2840FFF1C}.Release|x86.ActiveCfg = Release|Any CPU
		{8902592A-E115-4075-8966-C3C2840FFF1C}.Release|x86.Build.0 = Release|Any CPU
		{88E9988B-E9A8-B777-3AC8-559CB663702B}.Debug|Any CPU.ActiveCfg = Debug|Any CPU
		{88E9988B-E9A8-B777-3AC8-559CB663702B}.Debug|Any CPU.Build.0 = Debug|Any CPU
		{88E9988B-E9A8-B777-3AC8-559CB663702B}.Debug|x64.ActiveCfg = Debug|Any CPU
		{88E9988B-E9A8-B777-3AC8-559CB663702B}.Debug|x64.Build.0 = Debug|Any CPU
		{88E9988B-E9A8-B777-3AC8-559CB663702B}.Debug|x86.ActiveCfg = Debug|Any CPU
		{88E9988B-E9A8-B777-3AC8-559CB663702B}.Debug|x86.Build.0 = Debug|Any CPU
		{88E9988B-E9A8-B777-3AC8-559CB663702B}.Release|Any CPU.ActiveCfg = Release|Any CPU
		{88E9988B-E9A8-B777-3AC8-559CB663702B}.Release|Any CPU.Build.0 = Release|Any CPU
		{88E9988B-E9A8-B777-3AC8-559CB663702B}.Release|x64.ActiveCfg = Release|Any CPU
		{88E9988B-E9A8-B777-3AC8-559CB663702B}.Release|x64.Build.0 = Release|Any CPU
		{88E9988B-E9A8-B777-3AC8-559CB663702B}.Release|x86.ActiveCfg = Release|Any CPU
		{88E9988B-E9A8-B777-3AC8-559CB663702B}.Release|x86.Build.0 = Release|Any CPU
		{5E6944B9-7CE3-E953-8612-07EE42081E95}.Debug|Any CPU.ActiveCfg = Debug|Any CPU
		{5E6944B9-7CE3-E953-8612-07EE42081E95}.Debug|Any CPU.Build.0 = Debug|Any CPU
		{5E6944B9-7CE3-E953-8612-07EE42081E95}.Debug|x64.ActiveCfg = Debug|Any CPU
		{5E6944B9-7CE3-E953-8612-07EE42081E95}.Debug|x64.Build.0 = Debug|Any CPU
		{5E6944B9-7CE3-E953-8612-07EE42081E95}.Debug|x86.ActiveCfg = Debug|Any CPU
		{5E6944B9-7CE3-E953-8612-07EE42081E95}.Debug|x86.Build.0 = Debug|Any CPU
		{5E6944B9-7CE3-E953-8612-07EE42081E95}.Release|Any CPU.ActiveCfg = Release|Any CPU
		{5E6944B9-7CE3-E953-8612-07EE42081E95}.Release|Any CPU.Build.0 = Release|Any CPU
		{5E6944B9-7CE3-E953-8612-07EE42081E95}.Release|x64.ActiveCfg = Release|Any CPU
		{5E6944B9-7CE3-E953-8612-07EE42081E95}.Release|x64.Build.0 = Release|Any CPU
		{5E6944B9-7CE3-E953-8612-07EE42081E95}.Release|x86.ActiveCfg = Release|Any CPU
		{5E6944B9-7CE3-E953-8612-07EE42081E95}.Release|x86.Build.0 = Release|Any CPU
		{B1D3D80B-262E-447A-4D5B-20751EF14B0C}.Debug|Any CPU.ActiveCfg = Debug|Any CPU
		{B1D3D80B-262E-447A-4D5B-20751EF14B0C}.Debug|Any CPU.Build.0 = Debug|Any CPU
		{B1D3D80B-262E-447A-4D5B-20751EF14B0C}.Debug|x64.ActiveCfg = Debug|Any CPU
		{B1D3D80B-262E-447A-4D5B-20751EF14B0C}.Debug|x64.Build.0 = Debug|Any CPU
		{B1D3D80B-262E-447A-4D5B-20751EF14B0C}.Debug|x86.ActiveCfg = Debug|Any CPU
		{B1D3D80B-262E-447A-4D5B-20751EF14B0C}.Debug|x86.Build.0 = Debug|Any CPU
		{B1D3D80B-262E-447A-4D5B-20751EF14B0C}.Release|Any CPU.ActiveCfg = Release|Any CPU
		{B1D3D80B-262E-447A-4D5B-20751EF14B0C}.Release|Any CPU.Build.0 = Release|Any CPU
		{B1D3D80B-262E-447A-4D5B-20751EF14B0C}.Release|x64.ActiveCfg = Release|Any CPU
		{B1D3D80B-262E-447A-4D5B-20751EF14B0C}.Release|x64.Build.0 = Release|Any CPU
		{B1D3D80B-262E-447A-4D5B-20751EF14B0C}.Release|x86.ActiveCfg = Release|Any CPU
		{B1D3D80B-262E-447A-4D5B-20751EF14B0C}.Release|x86.Build.0 = Release|Any CPU
		{D679E202-5187-2B05-2F11-29990513A7D0}.Debug|Any CPU.ActiveCfg = Debug|Any CPU
		{D679E202-5187-2B05-2F11-29990513A7D0}.Debug|Any CPU.Build.0 = Debug|Any CPU
		{D679E202-5187-2B05-2F11-29990513A7D0}.Debug|x64.ActiveCfg = Debug|Any CPU
		{D679E202-5187-2B05-2F11-29990513A7D0}.Debug|x64.Build.0 = Debug|Any CPU
		{D679E202-5187-2B05-2F11-29990513A7D0}.Debug|x86.ActiveCfg = Debug|Any CPU
		{D679E202-5187-2B05-2F11-29990513A7D0}.Debug|x86.Build.0 = Debug|Any CPU
		{D679E202-5187-2B05-2F11-29990513A7D0}.Release|Any CPU.ActiveCfg = Release|Any CPU
		{D679E202-5187-2B05-2F11-29990513A7D0}.Release|Any CPU.Build.0 = Release|Any CPU
		{D679E202-5187-2B05-2F11-29990513A7D0}.Release|x64.ActiveCfg = Release|Any CPU
		{D679E202-5187-2B05-2F11-29990513A7D0}.Release|x64.Build.0 = Release|Any CPU
		{D679E202-5187-2B05-2F11-29990513A7D0}.Release|x86.ActiveCfg = Release|Any CPU
		{D679E202-5187-2B05-2F11-29990513A7D0}.Release|x86.Build.0 = Release|Any CPU
		{3976FD95-049C-1962-9227-D2D59F01C86A}.Debug|Any CPU.ActiveCfg = Debug|Any CPU
		{3976FD95-049C-1962-9227-D2D59F01C86A}.Debug|Any CPU.Build.0 = Debug|Any CPU
		{3976FD95-049C-1962-9227-D2D59F01C86A}.Debug|x64.ActiveCfg = Debug|Any CPU
		{3976FD95-049C-1962-9227-D2D59F01C86A}.Debug|x64.Build.0 = Debug|Any CPU
		{3976FD95-049C-1962-9227-D2D59F01C86A}.Debug|x86.ActiveCfg = Debug|Any CPU
		{3976FD95-049C-1962-9227-D2D59F01C86A}.Debug|x86.Build.0 = Debug|Any CPU
		{3976FD95-049C-1962-9227-D2D59F01C86A}.Release|Any CPU.ActiveCfg = Release|Any CPU
		{3976FD95-049C-1962-9227-D2D59F01C86A}.Release|Any CPU.Build.0 = Release|Any CPU
	EndGlobalSection
	GlobalSection(SolutionProperties) = preSolution
		HideSolutionNode = FALSE
	EndGlobalSection
	GlobalSection(NestedProjects) = preSolution
		{8D1A1A40-1C6C-4A3E-8B2F-4BC407F6C339} = {FE1BCAC4-60F9-4551-8E26-A3C6E5D47CA0}
		{A4ABC0BC-1361-4018-88CB-9BA212E114C2} = {FE1BCAC4-60F9-4551-8E26-A3C6E5D47CA0}
		{88A01C2C-21AF-45E3-8A59-EA6672A7AE68} = {FE1BCAC4-60F9-4551-8E26-A3C6E5D47CA0}
		{B243F55F-5988-4BF0-AA14-1E77137563D3} = {3B4BF72A-87FC-4D9A-ACA5-715572210452}
		{8902592A-E115-4075-8966-C3C2840FFF1C} = {3B4BF72A-87FC-4D9A-ACA5-715572210452}
		{88E9988B-E9A8-B777-3AC8-559CB663702B} = {3B4BF72A-87FC-4D9A-ACA5-715572210452}
		{02EA681E-C7D8-13C7-8484-4AC65E1B71E8} = {536C8147-8CE3-4B92-AB66-E9DEB707BD29}
		{5E6944B9-7CE3-E953-8612-07EE42081E95} = {02EA681E-C7D8-13C7-8484-4AC65E1B71E8}
		{B1D3D80B-262E-447A-4D5B-20751EF14B0C} = {02EA681E-C7D8-13C7-8484-4AC65E1B71E8}
		{56DC7805-5C68-4B40-B39C-7DC8C6BC7ABA} = {536C8147-8CE3-4B92-AB66-E9DEB707BD29}
		{D679E202-5187-2B05-2F11-29990513A7D0} = {56DC7805-5C68-4B40-B39C-7DC8C6BC7ABA}
		{3976FD95-049C-1962-9227-D2D59F01C86A} = {56DC7805-5C68-4B40-B39C-7DC8C6BC7ABA}
	EndGlobalSection
	GlobalSection(ExtensibilityGlobals) = postSolution
		SolutionGuid = {A3087C86-B9A4-4C21-8A9B-EE4F39285A19}
	EndGlobalSection
EndGlobal
